{
  "requires": true,
  "lockfileVersion": 1,
  "dependencies": {
    "test-package-truong01": {
      "version": "1.0.0",
      "resolved": "https://registry.npmjs.org/test-package-truong01/-/test-package-truong01-1.0.0.tgz",
      "integrity": "sha512-20Mdvm9pD5/3dRdyXCxgtUiqINA1EbKHhdrzKTWd5jJQq6CNUOUrc5GhlJIPGEgiBPHsHtIauZmkmcqzfpDSSg=="
    }
  }
}
